// !$*UTF8*$!
{
	archiveVersion = 1;
	classes = {
	};
	objectVersion = 46;
	objects = {

/* Begin PBXBuildFile section */
		1F0C2EC91727745300F54089 /* cameratype.cpp in Sources */ = {isa = PBXBuildFile; fileRef = 1F0C2EBD1727745300F54089 /* cameratype.cpp */; };
		1F0C2ECA1727745300F54089 /* frustumtype.cpp in Sources */ = {isa = PBXBuildFile; fileRef = 1F0C2EBF1727745300F54089 /* frustumtype.cpp */; };
		1F0C2ECC1727745300F54089 /* terrainapp.cpp in Sources */ = {isa = PBXBuildFile; fileRef = 1F0C2EC31727745300F54089 /* terrainapp.cpp */; };
		1F0C2ECD1727745300F54089 /* terraintype.cpp in Sources */ = {isa = PBXBuildFile; fileRef = 1F0C2EC41727745300F54089 /* terraintype.cpp */; };
		1F0C2ECE1727745300F54089 /* tgatype.cpp in Sources */ = {isa = PBXBuildFile; fileRef = 1F0C2EC51727745300F54089 /* tgatype.cpp */; };
		1F0C2ECF1727745300F54089 /* travmath.cpp in Sources */ = {isa = PBXBuildFile; fileRef = 1F0C2EC71727745300F54089 /* travmath.cpp */; };
		1F0C2ED2172774DA00F54089 /* GLUT.framework in Frameworks */ = {isa = PBXBuildFile; fileRef = 1F0C2ED0172774DA00F54089 /* GLUT.framework */; };
		1F0C2ED3172774DA00F54089 /* OpenGL.framework in Frameworks */ = {isa = PBXBuildFile; fileRef = 1F0C2ED1172774DA00F54089 /* OpenGL.framework */; };
		1F0C2EDA17277C4900F54089 /* map.tga in CopyFiles */ = {isa = PBXBuildFile; fileRef = 1F0C2ED717277B0800F54089 /* map.tga */; };
		1F0C2EDB17277C4B00F54089 /* texture.tga in CopyFiles */ = {isa = PBXBuildFile; fileRef = 1F0C2ED817277B0800F54089 /* texture.tga */; };
/* End PBXBuildFile section */

/* Begin PBXCopyFilesBuildPhase section */
		1F0C2ED917277C3600F54089 /* CopyFiles */ = {
			isa = PBXCopyFilesBuildPhase;
			buildActionMask = 2147483647;
			dstPath = assets;
			dstSubfolderSpec = 6;
			files = (
				1F0C2EDA17277C4900F54089 /* map.tga in CopyFiles */,
				1F0C2EDB17277C4B00F54089 /* texture.tga in CopyFiles */,
			);
			runOnlyForDeploymentPostprocessing = 0;
		};
/* End PBXCopyFilesBuildPhase section */

/* Begin PBXFileReference section */
		1F0C2EB117276D9400F54089 /* terrain_d */ = {isa = PBXFileReference; explicitFileType = "compiled.mach-o.executable"; includeInIndex = 0; path = terrain_d; sourceTree = BUILT_PRODUCTS_DIR; };
		1F0C2EBD1727745300F54089 /* cameratype.cpp */ = {isa = PBXFileReference; fileEncoding = 4; lastKnownFileType = sourcecode.cpp.cpp; path = cameratype.cpp; sourceTree = "<group>"; };
		1F0C2EBE1727745300F54089 /* cameratype.h */ = {isa = PBXFileReference; fileEncoding = 4; lastKnownFileType = sourcecode.c.h; path = cameratype.h; sourceTree = "<group>"; };
		1F0C2EBF1727745300F54089 /* frustumtype.cpp */ = {isa = PBXFileReference; fileEncoding = 4; lastKnownFileType = sourcecode.cpp.cpp; path = frustumtype.cpp; sourceTree = "<group>"; };
		1F0C2EC01727745300F54089 /* frustumtype.h */ = {isa = PBXFileReference; fileEncoding = 4; lastKnownFileType = sourcecode.c.h; path = frustumtype.h; sourceTree = "<group>"; };
		1F0C2EC31727745300F54089 /* terrainapp.cpp */ = {isa = PBXFileReference; fileEncoding = 4; indentWidth = 2; lastKnownFileType = sourcecode.cpp.cpp; path = terrainapp.cpp; sourceTree = "<group>"; tabWidth = 2; };
		1F0C2EC41727745300F54089 /* terraintype.cpp */ = {isa = PBXFileReference; fileEncoding = 4; lastKnownFileType = sourcecode.cpp.cpp; path = terraintype.cpp; sourceTree = "<group>"; };
		1F0C2EC51727745300F54089 /* tgatype.cpp */ = {isa = PBXFileReference; fileEncoding = 4; lastKnownFileType = sourcecode.cpp.cpp; path = tgatype.cpp; sourceTree = "<group>"; };
		1F0C2EC61727745300F54089 /* tgatype.h */ = {isa = PBXFileReference; fileEncoding = 4; lastKnownFileType = sourcecode.c.h; path = tgatype.h; sourceTree = "<group>"; };
		1F0C2EC71727745300F54089 /* travmath.cpp */ = {isa = PBXFileReference; fileEncoding = 4; lastKnownFileType = sourcecode.cpp.cpp; path = travmath.cpp; sourceTree = "<group>"; };
		1F0C2EC81727745300F54089 /* travmath.h */ = {isa = PBXFileReference; fileEncoding = 4; lastKnownFileType = sourcecode.c.h; path = travmath.h; sourceTree = "<group>"; };
		1F0C2ED0172774DA00F54089 /* GLUT.framework */ = {isa = PBXFileReference; lastKnownFileType = wrapper.framework; name = GLUT.framework; path = System/Library/Frameworks/GLUT.framework; sourceTree = SDKROOT; };
		1F0C2ED1172774DA00F54089 /* OpenGL.framework */ = {isa = PBXFileReference; lastKnownFileType = wrapper.framework; name = OpenGL.framework; path = System/Library/Frameworks/OpenGL.framework; sourceTree = SDKROOT; };
		1F0C2ED717277B0800F54089 /* map.tga */ = {isa = PBXFileReference; lastKnownFileType = file; path = map.tga; sourceTree = "<group>"; };
		1F0C2ED817277B0800F54089 /* texture.tga */ = {isa = PBXFileReference; lastKnownFileType = file; path = texture.tga; sourceTree = "<group>"; };
/* End PBXFileReference section */

/* Begin PBXFrameworksBuildPhase section */
		1F0C2EAE17276D9400F54089 /* Frameworks */ = {
			isa = PBXFrameworksBuildPhase;
			buildActionMask = 2147483647;
			files = (
				1F0C2ED2172774DA00F54089 /* GLUT.framework in Frameworks */,
				1F0C2ED3172774DA00F54089 /* OpenGL.framework in Frameworks */,
			);
			runOnlyForDeploymentPostprocessing = 0;
		};
/* End PBXFrameworksBuildPhase section */

/* Begin PBXGroup section */
		1F0C2EA817276D9400F54089 = {
			isa = PBXGroup;
			children = (
				1F0C2ED0172774DA00F54089 /* GLUT.framework */,
				1F0C2ED1172774DA00F54089 /* OpenGL.framework */,
				1F0C2EB317276D9400F54089 /* terrain */,
				1F0C2EB217276D9400F54089 /* Products */,
				1F0C2ED617277B0800F54089 /* assets */,
			);
			sourceTree = "<group>";
		};
		1F0C2EB217276D9400F54089 /* Products */ = {
			isa = PBXGroup;
			children = (
				1F0C2EB117276D9400F54089 /* terrain_d */,
			);
			name = Products;
			sourceTree = "<group>";
		};
		1F0C2EB317276D9400F54089 /* terrain */ = {
			isa = PBXGroup;
			children = (
				1F0C2EBD1727745300F54089 /* cameratype.cpp */,
				1F0C2EBE1727745300F54089 /* cameratype.h */,
				1F0C2EBF1727745300F54089 /* frustumtype.cpp */,
				1F0C2EC01727745300F54089 /* frustumtype.h */,
				1F0C2EC31727745300F54089 /* terrainapp.cpp */,
				1F0C2EC41727745300F54089 /* terraintype.cpp */,
				1F0C2EC51727745300F54089 /* tgatype.cpp */,
				1F0C2EC61727745300F54089 /* tgatype.h */,
				1F0C2EC71727745300F54089 /* travmath.cpp */,
				1F0C2EC81727745300F54089 /* travmath.h */,
			);
			path = terrain;
			sourceTree = "<group>";
		};
		1F0C2ED617277B0800F54089 /* assets */ = {
			isa = PBXGroup;
			children = (
				1F0C2ED717277B0800F54089 /* map.tga */,
				1F0C2ED817277B0800F54089 /* texture.tga */,
			);
			name = assets;
			path = terrain/assets;
			sourceTree = "<group>";
		};
/* End PBXGroup section */

/* Begin PBXNativeTarget section */
		1F0C2EB017276D9400F54089 /* terrain_d */ = {
			isa = PBXNativeTarget;
			buildConfigurationList = 1F0C2EBA17276D9400F54089 /* Build configuration list for PBXNativeTarget "terrain_d" */;
			buildPhases = (
				1F0C2EAD17276D9400F54089 /* Sources */,
				1F0C2EAE17276D9400F54089 /* Frameworks */,
				1F0C2ED917277C3600F54089 /* CopyFiles */,
			);
			buildRules = (
			);
			dependencies = (
			);
			name = terrain_d;
			productName = terrain_d;
			productReference = 1F0C2EB117276D9400F54089 /* terrain_d */;
			productType = "com.apple.product-type.tool";
		};
/* End PBXNativeTarget section */

/* Begin PBXProject section */
		1F0C2EA917276D9400F54089 /* Project object */ = {
			isa = PBXProject;
			attributes = {
				LastUpgradeCheck = 0460;
				ORGANIZATIONNAME = "William Jones";
			};
			buildConfigurationList = 1F0C2EAC17276D9400F54089 /* Build configuration list for PBXProject "terrain_d" */;
			compatibilityVersion = "Xcode 3.2";
			developmentRegion = English;
			hasScannedForEncodings = 0;
			knownRegions = (
				en,
			);
			mainGroup = 1F0C2EA817276D9400F54089;
			productRefGroup = 1F0C2EB217276D9400F54089 /* Products */;
			projectDirPath = "";
			projectRoot = "";
			targets = (
				1F0C2EB017276D9400F54089 /* terrain_d */,
			);
		};
/* End PBXProject section */

/* Begin PBXSourcesBuildPhase section */
		1F0C2EAD17276D9400F54089 /* Sources */ = {
			isa = PBXSourcesBuildPhase;
			buildActionMask = 2147483647;
			files = (
				1F0C2EC91727745300F54089 /* cameratype.cpp in Sources */,
				1F0C2ECA1727745300F54089 /* frustumtype.cpp in Sources */,
				1F0C2ECC1727745300F54089 /* terrainapp.cpp in Sources */,
				1F0C2ECD1727745300F54089 /* terraintype.cpp in Sources */,
				1F0C2ECE1727745300F54089 /* tgatype.cpp in Sources */,
				1F0C2ECF1727745300F54089 /* travmath.cpp in Sources */,
			);
			runOnlyForDeploymentPostprocessing = 0;
		};
/* End PBXSourcesBuildPhase section */

/* Begin XCBuildConfiguration section */
		1F0C2EB817276D9400F54089 /* Debug */ = {
			isa = XCBuildConfiguration;
			buildSettings = {
				ALWAYS_SEARCH_USER_PATHS = NO;
				ARCHS = "$(ARCHS_STANDARD_64_BIT)";
				CLANG_CXX_LANGUAGE_STANDARD = "gnu++0x";
				CLANG_CXX_LIBRARY = "libc++";
				CLANG_WARN_CONSTANT_CONVERSION = YES;
				CLANG_WARN_EMPTY_BODY = YES;
				CLANG_WARN_ENUM_CONVERSION = YES;
				CLANG_WARN_INT_CONVERSION = YES;
				CLANG_WARN__DUPLICATE_METHOD_MATCH = YES;
				COPY_PHASE_STRIP = NO;
				GCC_C_LANGUAGE_STANDARD = gnu99;
				GCC_DYNAMIC_NO_PIC = NO;
				GCC_ENABLE_OBJC_EXCEPTIONS = YES;
				GCC_OPTIMIZATION_LEVEL = 0;
				GCC_PREPROCESSOR_DEFINITIONS = (
					"DEBUG=1",
					"$(inherited)",
				);
				GCC_SYMBOLS_PRIVATE_EXTERN = NO;
				GCC_WARN_64_TO_32_BIT_CONVERSION = YES;
				GCC_WARN_ABOUT_RETURN_TYPE = YES;
				GCC_WARN_UNINITIALIZED_AUTOS = YES;
				GCC_WARN_UNUSED_VARIABLE = YES;
				MACOSX_DEPLOYMENT_TARGET = 10.8;
				ONLY_ACTIVE_ARCH = YES;
				SDKROOT = macosx;
			};
			name = Debug;
		};
		1F0C2EB917276D9400F54089 /* Release */ = {
			isa = XCBuildConfiguration;
			buildSettings = {
				ALWAYS_SEARCH_USER_PATHS = NO;
				ARCHS = "$(ARCHS_STANDARD_64_BIT)";
				CLANG_CXX_LANGUAGE_STANDARD = "gnu++0x";
				CLANG_CXX_LIBRARY = "libc++";
				CLANG_WARN_CONSTANT_CONVERSION = YES;
				CLANG_WARN_EMPTY_BODY = YES;
				CLANG_WARN_ENUM_CONVERSION = YES;
				CLANG_WARN_INT_CONVERSION = YES;
				CLANG_WARN__DUPLICATE_METHOD_MATCH = YES;
				COPY_PHASE_STRIP = YES;
				DEBUG_INFORMATION_FORMAT = "dwarf-with-dsym";
				GCC_C_LANGUAGE_STANDARD = gnu99;
				GCC_ENABLE_OBJC_EXCEPTIONS = YES;
				GCC_WARN_64_TO_32_BIT_CONVERSION = YES;
				GCC_WARN_ABOUT_RETURN_TYPE = YES;
				GCC_WARN_UNINITIALIZED_AUTOS = YES;
				GCC_WARN_UNUSED_VARIABLE = YES;
				MACOSX_DEPLOYMENT_TARGET = 10.8;
				SDKROOT = macosx;
			};
			name = Release;
		};
		1F0C2EBB17276D9400F54089 /* Debug */ = {
			isa = XCBuildConfiguration;
			buildSettings = {
				PRODUCT_NAME = "$(TARGET_NAME)";
			};
			name = Debug;
		};
		1F0C2EBC17276D9400F54089 /* Release */ = {
			isa = XCBuildConfiguration;
			buildSettings = {
				PRODUCT_NAME = "$(TARGET_NAME)";
			};
			name = Release;
		};
/* End XCBuildConfiguration section */

/* Begin XCConfigurationList section */
		1F0C2EAC17276D9400F54089 /* Build configuration list for PBXProject "terrain_d" */ = {
			isa = XCConfigurationList;
			buildConfigurations = (
				1F0C2EB817276D9400F54089 /* Debug */,
				1F0C2EB917276D9400F54089 /* Release */,
			);
			defaultConfigurationIsVisible = 0;
			defaultConfigurationName = Release;
		};
		1F0C2EBA17276D9400F54089 /* Build configuration list for PBXNativeTarget "terrain_d" */ = {
			isa = XCConfigurationList;
			buildConfigurations = (
				1F0C2EBB17276D9400F54089 /* Debug */,
				1F0C2EBC17276D9400F54089 /* Release */,
			);
			defaultConfigurationIsVisible = 0;
			defaultConfigurationName = Release;
		};
/* End XCConfigurationList section */
	};
	rootObject = 1F0C2EA917276D9400F54089 /* Project object */;
}
